PODS:
  - Alamofire (4.8.2)
  - Mockingjay (3.0.0-alpha.1):
    - Mockingjay/Core (= 3.0.0-alpha.1)
    - Mockingjay/XCTest (= 3.0.0-alpha.1)
  - Mockingjay/Core (3.0.0-alpha.1):
    - URITemplate (~> 3.0)
  - Mockingjay/XCTest (3.0.0-alpha.1):
    - Mockingjay/Core
  - NVActivityIndicatorView (4.7.0):
    - NVActivityIndicatorView/Presenter (= 4.7.0)
  - NVActivityIndicatorView/Presenter (4.7.0)
  - RxAlamofire (5.0.0):
    - RxAlamofire/Core (= 5.0.0)
  - RxAlamofire/Core (5.0.0):
    - Alamofire (~> 4.8)
    - RxSwift (~> 5.0)
  - RxBlocking (5.0.0):
    - RxSwift (~> 5)
  - RxCocoa (5.0.0):
    - RxRelay (~> 5)
    - RxSwift (~> 5)
  - RxRelay (5.0.0):
    - RxSwift (~> 5)
  - RxSwift (5.0.0)
  - RxTest (5.0.0):
    - RxSwift (~> 5)
  - SwiftIconFont (3.0.0)
  - SwiftLint (0.33.0)
  - TextFieldEffects (1.5.1)
  - URITemplate (3.0.0)

DEPENDENCIES:
  - Mockingjay (= 3.0.0-alpha.1)
  - NVActivityIndicatorView
  - RxAlamofire
  - RxBlocking (~> 5)
  - RxCocoa (~> 5)
  - RxSwift (~> 5)
  - RxTest (~> 5)
  - SwiftIconFont
  - SwiftLint
  - TextFieldEffects

SPEC REPOS:
  https://github.com/cocoapods/specs.git:
    - Alamofire
    - Mockingjay
    - NVActivityIndicatorView
    - RxAlamofire
    - RxBlocking
    - RxCocoa
    - RxRelay
    - RxSwift
    - RxTest
    - SwiftIconFont
    - SwiftLint
    - TextFieldEffects
    - URITemplate

SPEC CHECKSUMS:
  Alamofire: ae5c501addb7afdbb13687d7f2f722c78734c2d3
  Mockingjay: 0f7c5aa49c7f1b95621cee3c79b557141f5a225c
  NVActivityIndicatorView: b19ddab2576f805cbe0fb2306cba3476e09a1dea
  RxAlamofire: e7875a012aff55345672d0f70a2a9cd6aeb0f211
  RxBlocking: c67185d26498ea3cbe3e121917c3c16739e43123
  RxCocoa: fcf32050ac00d801f34a7f71d5e8e7f23026dcd8
  RxRelay: 4f7409406a51a55cd88483f21ed898c234d60f18
  RxSwift: 8b0671caa829a763bbce7271095859121cbd895f
  RxTest: 4349afe98f564e0a9bc19063368904622d17d49a
  SwiftIconFont: 2ba18554a77c44948dc35b561b344e3c23834a84
  SwiftLint: fed9c66336e41fc74dc48a73678380718f0c8b0e
  TextFieldEffects: 7d372f58aeaf9acd9626bbf962680aef926b085d
  URITemplate: 58e0d47f967006c5d59888af5356c4a8ed3b197d

PODFILE CHECKSUM: dc750fc4df55ae6d37b2eda4436c35a311628d80

COCOAPODS: 1.7.2
