// !$*UTF8*$!
{
	archiveVersion = 1;
	classes = {
	};
	objectVersion = 51;
	objects = {

/* Begin PBXBuildFile section */
		1DD9007B22B4D37700A37C95 /* AppDelegate.swift in Sources */ = {isa = PBXBuildFile; fileRef = 1DD9007A22B4D37700A37C95 /* AppDelegate.swift */; };
		1DD9008022B4D37700A37C95 /* Main.storyboard in Resources */ = {isa = PBXBuildFile; fileRef = 1DD9007E22B4D37700A37C95 /* Main.storyboard */; };
		1DD9008222B4D37800A37C95 /* Assets.xcassets in Resources */ = {isa = PBXBuildFile; fileRef = 1DD9008122B4D37800A37C95 /* Assets.xcassets */; };
		1DD9008522B4D37800A37C95 /* LaunchScreen.storyboard in Resources */ = {isa = PBXBuildFile; fileRef = 1DD9008322B4D37800A37C95 /* LaunchScreen.storyboard */; };
		1DDE43FF22B4EF060089EEDB /* GooAPI.swift in Sources */ = {isa = PBXBuildFile; fileRef = 1DDE43FE22B4EF060089EEDB /* GooAPI.swift */; };
		1DDE440122B542E60089EEDB /* GooAPITests.swift in Sources */ = {isa = PBXBuildFile; fileRef = 1DDE440022B542E60089EEDB /* GooAPITests.swift */; };
		1DDE440422B5D1870089EEDB /* GooConfig.txt in Resources */ = {isa = PBXBuildFile; fileRef = 1DDE440222B5D0DD0089EEDB /* GooConfig.txt */; };
		1DDE440622B618500089EEDB /* RubyWriterViewController.swift in Sources */ = {isa = PBXBuildFile; fileRef = 1DDE440522B6184F0089EEDB /* RubyWriterViewController.swift */; };
		99D6432B71B72506E471F062 /* Pods_RubyWriter.framework in Frameworks */ = {isa = PBXBuildFile; fileRef = 6067DC5430A518F07CA8E669 /* Pods_RubyWriter.framework */; };
		A1F4F6D006A01E12FB236A12 /* Pods_RubyWriterTests.framework in Frameworks */ = {isa = PBXBuildFile; fileRef = 686FBB9463BA28BF1B430F78 /* Pods_RubyWriterTests.framework */; };
/* End PBXBuildFile section */

/* Begin PBXContainerItemProxy section */
		1DD9008C22B4D37800A37C95 /* PBXContainerItemProxy */ = {
			isa = PBXContainerItemProxy;
			containerPortal = 1DD9006F22B4D37700A37C95 /* Project object */;
			proxyType = 1;
			remoteGlobalIDString = 1DD9007622B4D37700A37C95;
			remoteInfo = RubyWriter;
		};
/* End PBXContainerItemProxy section */

/* Begin PBXFileReference section */
		1DD9007722B4D37700A37C95 /* RubyWriter.app */ = {isa = PBXFileReference; explicitFileType = wrapper.application; includeInIndex = 0; path = RubyWriter.app; sourceTree = BUILT_PRODUCTS_DIR; };
		1DD9007A22B4D37700A37C95 /* AppDelegate.swift */ = {isa = PBXFileReference; lastKnownFileType = sourcecode.swift; path = AppDelegate.swift; sourceTree = "<group>"; };
		1DD9007F22B4D37700A37C95 /* Base */ = {isa = PBXFileReference; lastKnownFileType = file.storyboard; name = Base; path = Base.lproj/Main.storyboard; sourceTree = "<group>"; };
		1DD9008122B4D37800A37C95 /* Assets.xcassets */ = {isa = PBXFileReference; lastKnownFileType = folder.assetcatalog; path = Assets.xcassets; sourceTree = "<group>"; };
		1DD9008422B4D37800A37C95 /* Base */ = {isa = PBXFileReference; lastKnownFileType = file.storyboard; name = Base; path = Base.lproj/LaunchScreen.storyboard; sourceTree = "<group>"; };
		1DD9008622B4D37800A37C95 /* Info.plist */ = {isa = PBXFileReference; lastKnownFileType = text.plist.xml; path = Info.plist; sourceTree = "<group>"; };
		1DD9008B22B4D37800A37C95 /* RubyWriterTests.xctest */ = {isa = PBXFileReference; explicitFileType = wrapper.cfbundle; includeInIndex = 0; path = RubyWriterTests.xctest; sourceTree = BUILT_PRODUCTS_DIR; };
		1DD9009122B4D37800A37C95 /* Info.plist */ = {isa = PBXFileReference; lastKnownFileType = text.plist.xml; path = Info.plist; sourceTree = "<group>"; };
		1DDE43FE22B4EF060089EEDB /* GooAPI.swift */ = {isa = PBXFileReference; lastKnownFileType = sourcecode.swift; path = GooAPI.swift; sourceTree = "<group>"; };
		1DDE440022B542E60089EEDB /* GooAPITests.swift */ = {isa = PBXFileReference; lastKnownFileType = sourcecode.swift; path = GooAPITests.swift; sourceTree = "<group>"; };
		1DDE440222B5D0DD0089EEDB /* GooConfig.txt */ = {isa = PBXFileReference; lastKnownFileType = text; path = GooConfig.txt; sourceTree = "<group>"; };
		1DDE440522B6184F0089EEDB /* RubyWriterViewController.swift */ = {isa = PBXFileReference; lastKnownFileType = sourcecode.swift; path = RubyWriterViewController.swift; sourceTree = "<group>"; };
		539C3EF5B72776083DEB66D7 /* Pods-RubyWriter.release.xcconfig */ = {isa = PBXFileReference; includeInIndex = 1; lastKnownFileType = text.xcconfig; name = "Pods-RubyWriter.release.xcconfig"; path = "Target Support Files/Pods-RubyWriter/Pods-RubyWriter.release.xcconfig"; sourceTree = "<group>"; };
		6067DC5430A518F07CA8E669 /* Pods_RubyWriter.framework */ = {isa = PBXFileReference; explicitFileType = wrapper.framework; includeInIndex = 0; path = Pods_RubyWriter.framework; sourceTree = BUILT_PRODUCTS_DIR; };
		686FBB9463BA28BF1B430F78 /* Pods_RubyWriterTests.framework */ = {isa = PBXFileReference; explicitFileType = wrapper.framework; includeInIndex = 0; path = Pods_RubyWriterTests.framework; sourceTree = BUILT_PRODUCTS_DIR; };
		6D3632E5C7CD3491BEE17110 /* Pods-RubyWriter.debug.xcconfig */ = {isa = PBXFileReference; includeInIndex = 1; lastKnownFileType = text.xcconfig; name = "Pods-RubyWriter.debug.xcconfig"; path = "Target Support Files/Pods-RubyWriter/Pods-RubyWriter.debug.xcconfig"; sourceTree = "<group>"; };
		BC7DD8C7E339ADE849242D7C /* Pods-RubyWriterTests.release.xcconfig */ = {isa = PBXFileReference; includeInIndex = 1; lastKnownFileType = text.xcconfig; name = "Pods-RubyWriterTests.release.xcconfig"; path = "Target Support Files/Pods-RubyWriterTests/Pods-RubyWriterTests.release.xcconfig"; sourceTree = "<group>"; };
		D16CE0E1BD3458B346C89ABD /* Pods-RubyWriterTests.debug.xcconfig */ = {isa = PBXFileReference; includeInIndex = 1; lastKnownFileType = text.xcconfig; name = "Pods-RubyWriterTests.debug.xcconfig"; path = "Target Support Files/Pods-RubyWriterTests/Pods-RubyWriterTests.debug.xcconfig"; sourceTree = "<group>"; };
/* End PBXFileReference section */

/* Begin PBXFrameworksBuildPhase section */
		1DD9007422B4D37700A37C95 /* Frameworks */ = {
			isa = PBXFrameworksBuildPhase;
			buildActionMask = 2147483647;
			files = (
				99D6432B71B72506E471F062 /* Pods_RubyWriter.framework in Frameworks */,
			);
			runOnlyForDeploymentPostprocessing = 0;
		};
		1DD9008822B4D37800A37C95 /* Frameworks */ = {
			isa = PBXFrameworksBuildPhase;
			buildActionMask = 2147483647;
			files = (
				A1F4F6D006A01E12FB236A12 /* Pods_RubyWriterTests.framework in Frameworks */,
			);
			runOnlyForDeploymentPostprocessing = 0;
		};
/* End PBXFrameworksBuildPhase section */

/* Begin PBXGroup section */
		1DD9006E22B4D37700A37C95 = {
			isa = PBXGroup;
			children = (
				1DDE440222B5D0DD0089EEDB /* GooConfig.txt */,
				1DD9007922B4D37700A37C95 /* RubyWriter */,
				1DD9008E22B4D37800A37C95 /* RubyWriterTests */,
				1DD9007822B4D37700A37C95 /* Products */,
				28DE8BF3CBD3969778FE3046 /* Pods */,
				6D5C6FFD7DDF7EED2BECC5E3 /* Frameworks */,
			);
			sourceTree = "<group>";
		};
		1DD9007822B4D37700A37C95 /* Products */ = {
			isa = PBXGroup;
			children = (
				1DD9007722B4D37700A37C95 /* RubyWriter.app */,
				1DD9008B22B4D37800A37C95 /* RubyWriterTests.xctest */,
			);
			name = Products;
			sourceTree = "<group>";
		};
		1DD9007922B4D37700A37C95 /* RubyWriter */ = {
			isa = PBXGroup;
			children = (
				1DDE43FD22B4EEDA0089EEDB /* GooAPI */,
				1DD9007A22B4D37700A37C95 /* AppDelegate.swift */,
				1DD9007E22B4D37700A37C95 /* Main.storyboard */,
				1DD9008122B4D37800A37C95 /* Assets.xcassets */,
				1DD9008322B4D37800A37C95 /* LaunchScreen.storyboard */,
				1DD9008622B4D37800A37C95 /* Info.plist */,
				1DDE440522B6184F0089EEDB /* RubyWriterViewController.swift */,
			);
			path = RubyWriter;
			sourceTree = "<group>";
		};
		1DD9008E22B4D37800A37C95 /* RubyWriterTests */ = {
			isa = PBXGroup;
			children = (
				1DD9009122B4D37800A37C95 /* Info.plist */,
				1DDE440022B542E60089EEDB /* GooAPITests.swift */,
			);
			path = RubyWriterTests;
			sourceTree = "<group>";
		};
		1DDE43FD22B4EEDA0089EEDB /* GooAPI */ = {
			isa = PBXGroup;
			children = (
				1DDE43FE22B4EF060089EEDB /* GooAPI.swift */,
			);
			path = GooAPI;
			sourceTree = "<group>";
		};
		28DE8BF3CBD3969778FE3046 /* Pods */ = {
			isa = PBXGroup;
			children = (
				6D3632E5C7CD3491BEE17110 /* Pods-RubyWriter.debug.xcconfig */,
				539C3EF5B72776083DEB66D7 /* Pods-RubyWriter.release.xcconfig */,
				D16CE0E1BD3458B346C89ABD /* Pods-RubyWriterTests.debug.xcconfig */,
				BC7DD8C7E339ADE849242D7C /* Pods-RubyWriterTests.release.xcconfig */,
			);
			path = Pods;
			sourceTree = "<group>";
		};
		6D5C6FFD7DDF7EED2BECC5E3 /* Frameworks */ = {
			isa = PBXGroup;
			children = (
				6067DC5430A518F07CA8E669 /* Pods_RubyWriter.framework */,
				686FBB9463BA28BF1B430F78 /* Pods_RubyWriterTests.framework */,
			);
			name = Frameworks;
			sourceTree = "<group>";
		};
/* End PBXGroup section */

/* Begin PBXNativeTarget section */
		1DD9007622B4D37700A37C95 /* RubyWriter */ = {
			isa = PBXNativeTarget;
			buildConfigurationList = 1DD9009422B4D37800A37C95 /* Build configuration list for PBXNativeTarget "RubyWriter" */;
			buildPhases = (
				E8B5274D432251499EE5F9CC /* [CP] Check Pods Manifest.lock */,
				1DD9007322B4D37700A37C95 /* Sources */,
				1DD9007422B4D37700A37C95 /* Frameworks */,
				1DD9007522B4D37700A37C95 /* Resources */,
				1DDE43FC22B4DC9A0089EEDB /* ShellScript */,
				10DEDD4D5AAEE38A825E4EBE /* [CP] Embed Pods Frameworks */,
			);
			buildRules = (
			);
			dependencies = (
			);
			name = RubyWriter;
			productName = RubyWriter;
			productReference = 1DD9007722B4D37700A37C95 /* RubyWriter.app */;
			productType = "com.apple.product-type.application";
		};
		1DD9008A22B4D37800A37C95 /* RubyWriterTests */ = {
			isa = PBXNativeTarget;
			buildConfigurationList = 1DD9009722B4D37800A37C95 /* Build configuration list for PBXNativeTarget "RubyWriterTests" */;
			buildPhases = (
				F75BDC0BCE150647A5FE63DF /* [CP] Check Pods Manifest.lock */,
				1DD9008722B4D37800A37C95 /* Sources */,
				1DD9008822B4D37800A37C95 /* Frameworks */,
				1DD9008922B4D37800A37C95 /* Resources */,
				5660149F885B8B1861A376F9 /* [CP] Embed Pods Frameworks */,
			);
			buildRules = (
			);
			dependencies = (
				1DD9008D22B4D37800A37C95 /* PBXTargetDependency */,
			);
			name = RubyWriterTests;
			productName = RubyWriterTests;
			productReference = 1DD9008B22B4D37800A37C95 /* RubyWriterTests.xctest */;
			productType = "com.apple.product-type.bundle.unit-test";
		};
/* End PBXNativeTarget section */

/* Begin PBXProject section */
		1DD9006F22B4D37700A37C95 /* Project object */ = {
			isa = PBXProject;
			attributes = {
				LastSwiftUpdateCheck = 1020;
				LastUpgradeCheck = 1020;
				ORGANIZATIONNAME = "Keigo Nakagawa";
				TargetAttributes = {
					1DD9007622B4D37700A37C95 = {
						CreatedOnToolsVersion = 10.2.1;
					};
					1DD9008A22B4D37800A37C95 = {
						CreatedOnToolsVersion = 10.2.1;
						TestTargetID = 1DD9007622B4D37700A37C95;
					};
				};
			};
			buildConfigurationList = 1DD9007222B4D37700A37C95 /* Build configuration list for PBXProject "RubyWriter" */;
			compatibilityVersion = "Xcode 9.3";
			developmentRegion = en;
			hasScannedForEncodings = 0;
			knownRegions = (
				en,
				Base,
			);
			mainGroup = 1DD9006E22B4D37700A37C95;
			productRefGroup = 1DD9007822B4D37700A37C95 /* Products */;
			projectDirPath = "";
			projectRoot = "";
			targets = (
				1DD9007622B4D37700A37C95 /* RubyWriter */,
				1DD9008A22B4D37800A37C95 /* RubyWriterTests */,
			);
		};
/* End PBXProject section */

/* Begin PBXResourcesBuildPhase section */
		1DD9007522B4D37700A37C95 /* Resources */ = {
			isa = PBXResourcesBuildPhase;
			buildActionMask = 2147483647;
			files = (
				1DDE440422B5D1870089EEDB /* GooConfig.txt in Resources */,
				1DD9008522B4D37800A37C95 /* LaunchScreen.storyboard in Resources */,
				1DD9008222B4D37800A37C95 /* Assets.xcassets in Resources */,
				1DD9008022B4D37700A37C95 /* Main.storyboard in Resources */,
			);
			runOnlyForDeploymentPostprocessing = 0;
		};
		1DD9008922B4D37800A37C95 /* Resources */ = {
			isa = PBXResourcesBuildPhase;
			buildActionMask = 2147483647;
			files = (
			);
			runOnlyForDeploymentPostprocessing = 0;
		};
/* End PBXResourcesBuildPhase section */

/* Begin PBXShellScriptBuildPhase section */
		10DEDD4D5AAEE38A825E4EBE /* [CP] Embed Pods Frameworks */ = {
			isa = PBXShellScriptBuildPhase;
			buildActionMask = 2147483647;
			files = (
			);
			inputFileListPaths = (
				"${PODS_ROOT}/Target Support Files/Pods-RubyWriter/Pods-RubyWriter-frameworks-${CONFIGURATION}-input-files.xcfilelist",
			);
			name = "[CP] Embed Pods Frameworks";
			outputFileListPaths = (
				"${PODS_ROOT}/Target Support Files/Pods-RubyWriter/Pods-RubyWriter-frameworks-${CONFIGURATION}-output-files.xcfilelist",
			);
			runOnlyForDeploymentPostprocessing = 0;
			shellPath = /bin/sh;
			shellScript = "\"${PODS_ROOT}/Target Support Files/Pods-RubyWriter/Pods-RubyWriter-frameworks.sh\"\n";
			showEnvVarsInLog = 0;
		};
		1DDE43FC22B4DC9A0089EEDB /* ShellScript */ = {
			isa = PBXShellScriptBuildPhase;
			buildActionMask = 2147483647;
			files = (
			);
			inputFileListPaths = (
			);
			inputPaths = (
			);
			outputFileListPaths = (
			);
			outputPaths = (
			);
			runOnlyForDeploymentPostprocessing = 0;
			shellPath = /bin/sh;
			shellScript = "if which ${PODS_ROOT}/SwiftLint/swiftlint >/dev/null; then\n\"${PODS_ROOT}/SwiftLint/swiftlint\" autocorrect --format\n\"${PODS_ROOT}/SwiftLint/swiftlint\"\nelse\necho \"warning: SwiftLint not installed, download from https://github.com/realm/SwiftLint\"\nfi\n";
		};
		5660149F885B8B1861A376F9 /* [CP] Embed Pods Frameworks */ = {
			isa = PBXShellScriptBuildPhase;
			buildActionMask = 2147483647;
			files = (
			);
			inputFileListPaths = (
				"${PODS_ROOT}/Target Support Files/Pods-RubyWriterTests/Pods-RubyWriterTests-frameworks-${CONFIGURATION}-input-files.xcfilelist",
			);
			name = "[CP] Embed Pods Frameworks";
			outputFileListPaths = (
				"${PODS_ROOT}/Target Support Files/Pods-RubyWriterTests/Pods-RubyWriterTests-frameworks-${CONFIGURATION}-output-files.xcfilelist",
			);
			runOnlyForDeploymentPostprocessing = 0;
			shellPath = /bin/sh;
			shellScript = "\"${PODS_ROOT}/Target Support Files/Pods-RubyWriterTests/Pods-RubyWriterTests-frameworks.sh\"\n";
			showEnvVarsInLog = 0;
		};
		E8B5274D432251499EE5F9CC /* [CP] Check Pods Manifest.lock */ = {
			isa = PBXShellScriptBuildPhase;
			buildActionMask = 2147483647;
			files = (
			);
			inputFileListPaths = (
			);
			inputPaths = (
				"${PODS_PODFILE_DIR_PATH}/Podfile.lock",
				"${PODS_ROOT}/Manifest.lock",
			);
			name = "[CP] Check Pods Manifest.lock";
			outputFileListPaths = (
			);
			outputPaths = (
				"$(DERIVED_FILE_DIR)/Pods-RubyWriter-checkManifestLockResult.txt",
			);
			runOnlyForDeploymentPostprocessing = 0;
			shellPath = /bin/sh;
			shellScript = "diff \"${PODS_PODFILE_DIR_PATH}/Podfile.lock\" \"${PODS_ROOT}/Manifest.lock\" > /dev/null\nif [ $? != 0 ] ; then\n    # print error to STDERR\n    echo \"error: The sandbox is not in sync with the Podfile.lock. Run 'pod install' or update your CocoaPods installation.\" >&2\n    exit 1\nfi\n# This output is used by Xcode 'outputs' to avoid re-running this script phase.\necho \"SUCCESS\" > \"${SCRIPT_OUTPUT_FILE_0}\"\n";
			showEnvVarsInLog = 0;
		};
		F75BDC0BCE150647A5FE63DF /* [CP] Check Pods Manifest.lock */ = {
			isa = PBXShellScriptBuildPhase;
			buildActionMask = 2147483647;
			files = (
			);
			inputFileListPaths = (
			);
			inputPaths = (
				"${PODS_PODFILE_DIR_PATH}/Podfile.lock",
				"${PODS_ROOT}/Manifest.lock",
			);
			name = "[CP] Check Pods Manifest.lock";
			outputFileListPaths = (
			);
			outputPaths = (
				"$(DERIVED_FILE_DIR)/Pods-RubyWriterTests-checkManifestLockResult.txt",
			);
			runOnlyForDeploymentPostprocessing = 0;
			shellPath = /bin/sh;
			shellScript = "diff \"${PODS_PODFILE_DIR_PATH}/Podfile.lock\" \"${PODS_ROOT}/Manifest.lock\" > /dev/null\nif [ $? != 0 ] ; then\n    # print error to STDERR\n    echo \"error: The sandbox is not in sync with the Podfile.lock. Run 'pod install' or update your CocoaPods installation.\" >&2\n    exit 1\nfi\n# This output is used by Xcode 'outputs' to avoid re-running this script phase.\necho \"SUCCESS\" > \"${SCRIPT_OUTPUT_FILE_0}\"\n";
			showEnvVarsInLog = 0;
		};
/* End PBXShellScriptBuildPhase section */

/* Begin PBXSourcesBuildPhase section */
		1DD9007322B4D37700A37C95 /* Sources */ = {
			isa = PBXSourcesBuildPhase;
			buildActionMask = 2147483647;
			files = (
				1DD9007B22B4D37700A37C95 /* AppDelegate.swift in Sources */,
				1DDE43FF22B4EF060089EEDB /* GooAPI.swift in Sources */,
				1DDE440622B618500089EEDB /* RubyWriterViewController.swift in Sources */,
			);
			runOnlyForDeploymentPostprocessing = 0;
		};
		1DD9008722B4D37800A37C95 /* Sources */ = {
			isa = PBXSourcesBuildPhase;
			buildActionMask = 2147483647;
			files = (
				1DDE440122B542E60089EEDB /* GooAPITests.swift in Sources */,
			);
			runOnlyForDeploymentPostprocessing = 0;
		};
/* End PBXSourcesBuildPhase section */

/* Begin PBXTargetDependency section */
		1DD9008D22B4D37800A37C95 /* PBXTargetDependency */ = {
			isa = PBXTargetDependency;
			target = 1DD9007622B4D37700A37C95 /* RubyWriter */;
			targetProxy = 1DD9008C22B4D37800A37C95 /* PBXContainerItemProxy */;
		};
/* End PBXTargetDependency section */

/* Begin PBXVariantGroup section */
		1DD9007E22B4D37700A37C95 /* Main.storyboard */ = {
			isa = PBXVariantGroup;
			children = (
				1DD9007F22B4D37700A37C95 /* Base */,
			);
			name = Main.storyboard;
			sourceTree = "<group>";
		};
		1DD9008322B4D37800A37C95 /* LaunchScreen.storyboard */ = {
			isa = PBXVariantGroup;
			children = (
				1DD9008422B4D37800A37C95 /* Base */,
			);
			name = LaunchScreen.storyboard;
			sourceTree = "<group>";
		};
/* End PBXVariantGroup section */

/* Begin XCBuildConfiguration section */
		1DD9009222B4D37800A37C95 /* Debug */ = {
			isa = XCBuildConfiguration;
			buildSettings = {
				ALWAYS_SEARCH_USER_PATHS = NO;
				CLANG_ANALYZER_NONNULL = YES;
				CLANG_ANALYZER_NUMBER_OBJECT_CONVERSION = YES_AGGRESSIVE;
				CLANG_CXX_LANGUAGE_STANDARD = "gnu++14";
				CLANG_CXX_LIBRARY = "libc++";
				CLANG_ENABLE_MODULES = YES;
				CLANG_ENABLE_OBJC_ARC = YES;
				CLANG_ENABLE_OBJC_WEAK = YES;
				CLANG_WARN_BLOCK_CAPTURE_AUTORELEASING = YES;
				CLANG_WARN_BOOL_CONVERSION = YES;
				CLANG_WARN_COMMA = YES;
				CLANG_WARN_CONSTANT_CONVERSION = YES;
				CLANG_WARN_DEPRECATED_OBJC_IMPLEMENTATIONS = YES;
				CLANG_WARN_DIRECT_OBJC_ISA_USAGE = YES_ERROR;
				CLANG_WARN_DOCUMENTATION_COMMENTS = YES;
				CLANG_WARN_EMPTY_BODY = YES;
				CLANG_WARN_ENUM_CONVERSION = YES;
				CLANG_WARN_INFINITE_RECURSION = YES;
				CLANG_WARN_INT_CONVERSION = YES;
				CLANG_WARN_NON_LITERAL_NULL_CONVERSION = YES;
				CLANG_WARN_OBJC_IMPLICIT_RETAIN_SELF = YES;
				CLANG_WARN_OBJC_LITERAL_CONVERSION = YES;
				CLANG_WARN_OBJC_ROOT_CLASS = YES_ERROR;
				CLANG_WARN_RANGE_LOOP_ANALYSIS = YES;
				CLANG_WARN_STRICT_PROTOTYPES = YES;
				CLANG_WARN_SUSPICIOUS_MOVE = YES;
				CLANG_WARN_UNGUARDED_AVAILABILITY = YES_AGGRESSIVE;
				CLANG_WARN_UNREACHABLE_CODE = YES;
				CLANG_WARN__DUPLICATE_METHOD_MATCH = YES;
				CODE_SIGN_IDENTITY = "iPhone Developer";
				COPY_PHASE_STRIP = NO;
				DEBUG_INFORMATION_FORMAT = dwarf;
				ENABLE_STRICT_OBJC_MSGSEND = YES;
				ENABLE_TESTABILITY = YES;
				GCC_C_LANGUAGE_STANDARD = gnu11;
				GCC_DYNAMIC_NO_PIC = NO;
				GCC_NO_COMMON_BLOCKS = YES;
				GCC_OPTIMIZATION_LEVEL = 0;
				GCC_PREPROCESSOR_DEFINITIONS = (
					"DEBUG=1",
					"$(inherited)",
				);
				GCC_WARN_64_TO_32_BIT_CONVERSION = YES;
				GCC_WARN_ABOUT_RETURN_TYPE = YES_ERROR;
				GCC_WARN_UNDECLARED_SELECTOR = YES;
				GCC_WARN_UNINITIALIZED_AUTOS = YES_AGGRESSIVE;
				GCC_WARN_UNUSED_FUNCTION = YES;
				GCC_WARN_UNUSED_VARIABLE = YES;
				IPHONEOS_DEPLOYMENT_TARGET = 12.2;
				MTL_ENABLE_DEBUG_INFO = INCLUDE_SOURCE;
				MTL_FAST_MATH = YES;
				ONLY_ACTIVE_ARCH = YES;
				SDKROOT = iphoneos;
				SWIFT_ACTIVE_COMPILATION_CONDITIONS = DEBUG;
				SWIFT_OPTIMIZATION_LEVEL = "-Onone";
			};
			name = Debug;
		};
		1DD9009322B4D37800A37C95 /* Release */ = {
			isa = XCBuildConfiguration;
			buildSettings = {
				ALWAYS_SEARCH_USER_PATHS = NO;
				CLANG_ANALYZER_NONNULL = YES;
				CLANG_ANALYZER_NUMBER_OBJECT_CONVERSION = YES_AGGRESSIVE;
				CLANG_CXX_LANGUAGE_STANDARD = "gnu++14";
				CLANG_CXX_LIBRARY = "libc++";
				CLANG_ENABLE_MODULES = YES;
				CLANG_ENABLE_OBJC_ARC = YES;
				CLANG_ENABLE_OBJC_WEAK = YES;
				CLANG_WARN_BLOCK_CAPTURE_AUTORELEASING = YES;
				CLANG_WARN_BOOL_CONVERSION = YES;
				CLANG_WARN_COMMA = YES;
				CLANG_WARN_CONSTANT_CONVERSION = YES;
				CLANG_WARN_DEPRECATED_OBJC_IMPLEMENTATIONS = YES;
				CLANG_WARN_DIRECT_OBJC_ISA_USAGE = YES_ERROR;
				CLANG_WARN_DOCUMENTATION_COMMENTS = YES;
				CLANG_WARN_EMPTY_BODY = YES;
				CLANG_WARN_ENUM_CONVERSION = YES;
				CLANG_WARN_INFINITE_RECURSION = YES;
				CLANG_WARN_INT_CONVERSION = YES;
				CLANG_WARN_NON_LITERAL_NULL_CONVERSION = YES;
				CLANG_WARN_OBJC_IMPLICIT_RETAIN_SELF = YES;
				CLANG_WARN_OBJC_LITERAL_CONVERSION = YES;
				CLANG_WARN_OBJC_ROOT_CLASS = YES_ERROR;
				CLANG_WARN_RANGE_LOOP_ANALYSIS = YES;
				CLANG_WARN_STRICT_PROTOTYPES = YES;
				CLANG_WARN_SUSPICIOUS_MOVE = YES;
				CLANG_WARN_UNGUARDED_AVAILABILITY = YES_AGGRESSIVE;
				CLANG_WARN_UNREACHABLE_CODE = YES;
				CLANG_WARN__DUPLICATE_METHOD_MATCH = YES;
				CODE_SIGN_IDENTITY = "iPhone Developer";
				COPY_PHASE_STRIP = NO;
				DEBUG_INFORMATION_FORMAT = "dwarf-with-dsym";
				ENABLE_NS_ASSERTIONS = NO;
				ENABLE_STRICT_OBJC_MSGSEND = YES;
				GCC_C_LANGUAGE_STANDARD = gnu11;
				GCC_NO_COMMON_BLOCKS = YES;
				GCC_WARN_64_TO_32_BIT_CONVERSION = YES;
				GCC_WARN_ABOUT_RETURN_TYPE = YES_ERROR;
				GCC_WARN_UNDECLARED_SELECTOR = YES;
				GCC_WARN_UNINITIALIZED_AUTOS = YES_AGGRESSIVE;
				GCC_WARN_UNUSED_FUNCTION = YES;
				GCC_WARN_UNUSED_VARIABLE = YES;
				IPHONEOS_DEPLOYMENT_TARGET = 12.2;
				MTL_ENABLE_DEBUG_INFO = NO;
				MTL_FAST_MATH = YES;
				SDKROOT = iphoneos;
				SWIFT_COMPILATION_MODE = wholemodule;
				SWIFT_OPTIMIZATION_LEVEL = "-O";
				VALIDATE_PRODUCT = YES;
			};
			name = Release;
		};
		1DD9009522B4D37800A37C95 /* Debug */ = {
			isa = XCBuildConfiguration;
			baseConfigurationReference = 6D3632E5C7CD3491BEE17110 /* Pods-RubyWriter.debug.xcconfig */;
			buildSettings = {
				ASSETCATALOG_COMPILER_APPICON_NAME = AppIcon;
				CODE_SIGN_STYLE = Automatic;
				INFOPLIST_FILE = RubyWriter/Info.plist;
				IPHONEOS_DEPLOYMENT_TARGET = 12.0;
				LD_RUNPATH_SEARCH_PATHS = (
					"$(inherited)",
					"@executable_path/Frameworks",
				);
				PRODUCT_BUNDLE_IDENTIFIER = jp.nk5.RubyWriter;
				PRODUCT_NAME = "$(TARGET_NAME)";
				SWIFT_VERSION = 5.0;
				TARGETED_DEVICE_FAMILY = 1;
			};
			name = Debug;
		};
		1DD9009622B4D37800A37C95 /* Release */ = {
			isa = XCBuildConfiguration;
			baseConfigurationReference = 539C3EF5B72776083DEB66D7 /* Pods-RubyWriter.release.xcconfig */;
			buildSettings = {
				ASSETCATALOG_COMPILER_APPICON_NAME = AppIcon;
				CODE_SIGN_STYLE = Automatic;
				INFOPLIST_FILE = RubyWriter/Info.plist;
				IPHONEOS_DEPLOYMENT_TARGET = 12.0;
				LD_RUNPATH_SEARCH_PATHS = (
					"$(inherited)",
					"@executable_path/Frameworks",
				);
				PRODUCT_BUNDLE_IDENTIFIER = jp.nk5.RubyWriter;
				PRODUCT_NAME = "$(TARGET_NAME)";
				SWIFT_VERSION = 5.0;
				TARGETED_DEVICE_FAMILY = 1;
			};
			name = Release;
		};
		1DD9009822B4D37800A37C95 /* Debug */ = {
			isa = XCBuildConfiguration;
			baseConfigurationReference = D16CE0E1BD3458B346C89ABD /* Pods-RubyWriterTests.debug.xcconfig */;
			buildSettings = {
				ALWAYS_EMBED_SWIFT_STANDARD_LIBRARIES = YES;
				BUNDLE_LOADER = "$(TEST_HOST)";
				CODE_SIGN_STYLE = Automatic;
				INFOPLIST_FILE = RubyWriterTests/Info.plist;
				LD_RUNPATH_SEARCH_PATHS = (
					"$(inherited)",
					"@executable_path/Frameworks",
					"@loader_path/Frameworks",
				);
				PRODUCT_BUNDLE_IDENTIFIER = jp.nk5.RubyWriterTests;
				PRODUCT_NAME = "$(TARGET_NAME)";
				SWIFT_VERSION = 5.0;
				TARGETED_DEVICE_FAMILY = "1,2";
				TEST_HOST = "$(BUILT_PRODUCTS_DIR)/RubyWriter.app/RubyWriter";
			};
			name = Debug;
		};
		1DD9009922B4D37800A37C95 /* Release */ = {
			isa = XCBuildConfiguration;
			baseConfigurationReference = BC7DD8C7E339ADE849242D7C /* Pods-RubyWriterTests.release.xcconfig */;
			buildSettings = {
				ALWAYS_EMBED_SWIFT_STANDARD_LIBRARIES = YES;
				BUNDLE_LOADER = "$(TEST_HOST)";
				CODE_SIGN_STYLE = Automatic;
				INFOPLIST_FILE = RubyWriterTests/Info.plist;
				LD_RUNPATH_SEARCH_PATHS = (
					"$(inherited)",
					"@executable_path/Frameworks",
					"@loader_path/Frameworks",
				);
				PRODUCT_BUNDLE_IDENTIFIER = jp.nk5.RubyWriterTests;
				PRODUCT_NAME = "$(TARGET_NAME)";
				SWIFT_VERSION = 5.0;
				TARGETED_DEVICE_FAMILY = "1,2";
				TEST_HOST = "$(BUILT_PRODUCTS_DIR)/RubyWriter.app/RubyWriter";
			};
			name = Release;
		};
/* End XCBuildConfiguration section */

/* Begin XCConfigurationList section */
		1DD9007222B4D37700A37C95 /* Build configuration list for PBXProject "RubyWriter" */ = {
			isa = XCConfigurationList;
			buildConfigurations = (
				1DD9009222B4D37800A37C95 /* Debug */,
				1DD9009322B4D37800A37C95 /* Release */,
			);
			defaultConfigurationIsVisible = 0;
			defaultConfigurationName = Release;
		};
		1DD9009422B4D37800A37C95 /* Build configuration list for PBXNativeTarget "RubyWriter" */ = {
			isa = XCConfigurationList;
			buildConfigurations = (
				1DD9009522B4D37800A37C95 /* Debug */,
				1DD9009622B4D37800A37C95 /* Release */,
			);
			defaultConfigurationIsVisible = 0;
			defaultConfigurationName = Release;
		};
		1DD9009722B4D37800A37C95 /* Build configuration list for PBXNativeTarget "RubyWriterTests" */ = {
			isa = XCConfigurationList;
			buildConfigurations = (
				1DD9009822B4D37800A37C95 /* Debug */,
				1DD9009922B4D37800A37C95 /* Release */,
			);
			defaultConfigurationIsVisible = 0;
			defaultConfigurationName = Release;
		};
/* End XCConfigurationList section */
	};
	rootObject = 1DD9006F22B4D37700A37C95 /* Project object */;
}
